{
  "originHash" : "dab6c3cfc7e4bce890bd65c7f83f051a8e8ec23d7c28b447b48dbfc3d1bb408e",
  "pins" : [
    {
      "identity" : "capacitor-swift-pm",
      "kind" : "remoteSourceControl",
      "location" : "https://github.com/ionic-team/capacitor-swift-pm.git",
      "state" : {
        "revision" : "0e862e6ff13852a710c8a484180ca4d6a2cc9761",
        "version" : "8.2.0"
      }
    },
    {
      "identity" : "onesignal-ios-sdk",
      "kind" : "remoteSourceControl",
      "location" : "https://github.com/OneSignal/OneSignal-iOS-SDK",
      "state" : {
        "revision" : "336fc6ee7f78c68ebb5f2c2a65a4b4ef7f758d0e",
        "version" : "5.4.2"
      }
    }
  ],
  "version" : 3
}
